
Microsoft Visual Studio Solution File, Format Version 12.00
Project("{FAE04EC0-301F-11D3-BF4B-00C04F79EFBC}") = "BinaryTreeVisualizator", "BinaryTreeVisualizator\BinaryTreeVisualizator.csproj", "{8442B059-0B68-4892-9F33-53DEAA06F592}"
EndProject
Project("{FAE04EC0-301F-11D3-BF4B-00C04F79EFBC}") = "Nez", "Nez\Nez.Portable\Nez.csproj", "{5EDCD1CC-7102-4E5E-BFD2-23021E293D6D}"
EndProject
Global
	GlobalSection(SolutionConfigurationPlatforms) = preSolution
		Debug|Any CPU = Debug|Any CPU
		Release|Any CPU = Release|Any CPU
	EndGlobalSection
	GlobalSection(ProjectConfigurationPlatforms) = postSolution
		{8442B059-0B68-4892-9F33-53DEAA06F592}.Debug|Any CPU.ActiveCfg = Debug|Any CPU
		{8442B059-0B68-4892-9F33-53DEAA06F592}.Debug|Any CPU.Build.0 = Debug|Any CPU
		{8442B059-0B68-4892-9F33-53DEAA06F592}.Release|Any CPU.ActiveCfg = Release|Any CPU
		{8442B059-0B68-4892-9F33-53DEAA06F592}.Release|Any CPU.Build.0 = Release|Any CPU
		{5EDCD1CC-7102-4E5E-BFD2-23021E293D6D}.Debug|Any CPU.ActiveCfg = Debug|Any CPU
		{5EDCD1CC-7102-4E5E-BFD2-23021E293D6D}.Debug|Any CPU.Build.0 = Debug|Any CPU
		{5EDCD1CC-7102-4E5E-BFD2-23021E293D6D}.Release|Any CPU.ActiveCfg = Release|Any CPU
		{5EDCD1CC-7102-4E5E-BFD2-23021E293D6D}.Release|Any CPU.Build.0 = Release|Any CPU
	EndGlobalSection
	GlobalSection(NestedProjects) = preSolution
	EndGlobalSection
EndGlobal
